
Microsoft Visual Studio Solution File, Format Version 12.00
# Visual Studio 15
VisualStudioVersion = 15.0.26730.16
MinimumVisualStudioVersion = 10.0.40219.1
Project("{D954291E-2A0B-460D-934E-DC6B0785DB48}") = "EasyChat", "EasyChat\EasyChat\EasyChat.shproj", "{4C737B85-0C05-4127-BF86-516C160A3C27}"
EndProject
Project("{FAE04EC0-301F-11D3-BF4B-00C04F79EFBC}") = "EasyChat.Android", "EasyChat\EasyChat.Android\EasyChat.Android.csproj", "{C21B2B5B-7439-422C-AE88-D30630426933}"
EndProject
Project("{FAE04EC0-301F-11D3-BF4B-00C04F79EFBC}") = "EasyChat.iOS", "EasyChat\EasyChat.iOS\EasyChat.iOS.csproj", "{C913A816-D238-4F48-BD74-419D82B07904}"
EndProject
Global
	GlobalSection(SharedMSBuildProjectFiles) = preSolution
		EasyChat\EasyChat\EasyChat.projitems*{0beebf50-69de-4d35-a501-d803c2a1c44d}*SharedItemsImports = 4
		EasyChat\EasyChat\EasyChat.projitems*{4c737b85-0c05-4127-bf86-516c160a3c27}*SharedItemsImports = 13
		EasyChat\EasyChat\EasyChat.projitems*{c21b2b5b-7439-422c-ae88-d30630426933}*SharedItemsImports = 4
		EasyChat\EasyChat\EasyChat.projitems*{c913a816-d238-4f48-bd74-419d82b07904}*SharedItemsImports = 4
	EndGlobalSection
	GlobalSection(SolutionConfigurationPlatforms) = preSolution
		Ad-Hoc|Any CPU = Ad-Hoc|Any CPU
		Ad-Hoc|ARM = Ad-Hoc|ARM
		Ad-Hoc|iPhone = Ad-Hoc|iPhone
		Ad-Hoc|iPhoneSimulator = Ad-Hoc|iPhoneSimulator
		Ad-Hoc|x64 = Ad-Hoc|x64
		Ad-Hoc|x86 = Ad-Hoc|x86
		AppStore|Any CPU = AppStore|Any CPU
		AppStore|ARM = AppStore|ARM
		AppStore|iPhone = AppStore|iPhone
		AppStore|iPhoneSimulator = AppStore|iPhoneSimulator
		AppStore|x64 = AppStore|x64
		AppStore|x86 = AppStore|x86
		Debug|Any CPU = Debug|Any CPU
		Debug|ARM = Debug|ARM
		Debug|iPhone = Debug|iPhone
		Debug|iPhoneSimulator = Debug|iPhoneSimulator
		Debug|x64 = Debug|x64
		Debug|x86 = Debug|x86
		Release|Any CPU = Release|Any CPU
		Release|ARM = Release|ARM
		Release|iPhone = Release|iPhone
		Release|iPhoneSimulator = Release|iPhoneSimulator
		Release|x64 = Release|x64
		Release|x86 = Release|x86
	EndGlobalSection
	GlobalSection(ProjectConfigurationPlatforms) = postSolution
		{C21B2B5B-7439-422C-AE88-D30630426933}.Ad-Hoc|Any CPU.ActiveCfg = Release|Any CPU
		{C21B2B5B-7439-422C-AE88-D30630426933}.Ad-Hoc|Any CPU.Build.0 = Release|Any CPU
		{C21B2B5B-7439-422C-AE88-D30630426933}.Ad-Hoc|Any CPU.Deploy.0 = Release|Any CPU
		{C21B2B5B-7439-422C-AE88-D30630426933}.Ad-Hoc|ARM.ActiveCfg = Release|Any CPU
		{C21B2B5B-7439-422C-AE88-D30630426933}.Ad-Hoc|ARM.Build.0 = Release|Any CPU
		{C21B2B5B-7439-422C-AE88-D30630426933}.Ad-Hoc|ARM.Deploy.0 = Release|Any CPU
		{C21B2B5B-7439-422C-AE88-D30630426933}.Ad-Hoc|iPhone.ActiveCfg = Release|Any CPU
		{C21B2B5B-7439-422C-AE88-D30630426933}.Ad-Hoc|iPhone.Build.0 = Release|Any CPU
		{C21B2B5B-7439-422C-AE88-D30630426933}.Ad-Hoc|iPhone.Deploy.0 = Release|Any CPU
		{C21B2B5B-7439-422C-AE88-D30630426933}.Ad-Hoc|iPhoneSimulator.ActiveCfg = Release|Any CPU
		{C21B2B5B-7439-422C-AE88-D30630426933}.Ad-Hoc|iPhoneSimulator.Build.0 = Release|Any CPU
		{C21B2B5B-7439-422C-AE88-D30630426933}.Ad-Hoc|iPhoneSimulator.Deploy.0 = Release|Any CPU
		{C21B2B5B-7439-422C-AE88-D30630426933}.Ad-Hoc|x64.ActiveCfg = Release|Any CPU
		{C21B2B5B-7439-422C-AE88-D30630426933}.Ad-Hoc|x64.Build.0 = Release|Any CPU
		{C21B2B5B-7439-422C-AE88-D30630426933}.Ad-Hoc|x64.Deploy.0 = Release|Any CPU
		{C21B2B5B-7439-422C-AE88-D30630426933}.Ad-Hoc|x86.ActiveCfg = Release|Any CPU
		{C21B2B5B-7439-422C-AE88-D30630426933}.Ad-Hoc|x86.Build.0 = Release|Any CPU
		{C21B2B5B-7439-422C-AE88-D30630426933}.Ad-Hoc|x86.Deploy.0 = Release|Any CPU
		{C21B2B5B-7439-422C-AE88-D30630426933}.AppStore|Any CPU.ActiveCfg = Release|Any CPU
		{C21B2B5B-7439-422C-AE88-D30630426933}.AppStore|Any CPU.Build.0 = Release|Any CPU
		{C21B2B5B-7439-422C-AE88-D30630426933}.AppStore|Any CPU.Deploy.0 = Release|Any CPU
		{C21B2B5B-7439-422C-AE88-D30630426933}.AppStore|ARM.ActiveCfg = Release|Any CPU
		{C21B2B5B-7439-422C-AE88-D30630426933}.AppStore|ARM.Build.0 = Release|Any CPU
		{C21B2B5B-7439-422C-AE88-D30630426933}.AppStore|ARM.Deploy.0 = Release|Any CPU
		{C21B2B5B-7439-422C-AE88-D30630426933}.AppStore|iPhone.ActiveCfg = Release|Any CPU
		{C21B2B5B-7439-422C-AE88-D30630426933}.AppStore|iPhone.Build.0 = Release|Any CPU
		{C21B2B5B-7439-422C-AE88-D30630426933}.AppStore|iPhone.Deploy.0 = Release|Any CPU
		{C21B2B5B-7439-422C-AE88-D30630426933}.AppStore|iPhoneSimulator.ActiveCfg = Release|Any CPU
		{C21B2B5B-7439-422C-AE88-D30630426933}.AppStore|iPhoneSimulator.Build.0 = Release|Any CPU
		{C21B2B5B-7439-422C-AE88-D30630426933}.AppStore|iPhoneSimulator.Deploy.0 = Release|Any CPU
		{C21B2B5B-7439-422C-AE88-D30630426933}.AppStore|x64.ActiveCfg = Release|Any CPU
		{C21B2B5B-7439-422C-AE88-D30630426933}.AppStore|x64.Build.0 = Release|Any CPU
		{C21B2B5B-7439-422C-AE88-D30630426933}.AppStore|x64.Deploy.0 = Release|Any CPU
		{C21B2B5B-7439-422C-AE88-D30630426933}.AppStore|x86.ActiveCfg = Release|Any CPU
		{C21B2B5B-7439-422C-AE88-D30630426933}.AppStore|x86.Build.0 = Release|Any CPU
		{C21B2B5B-7439-422C-AE88-D30630426933}.AppStore|x86.Deploy.0 = Release|Any CPU
		{C21B2B5B-7439-422C-AE88-D30630426933}.Debug|Any CPU.ActiveCfg = Debug|Any CPU
		{C21B2B5B-7439-422C-AE88-D30630426933}.Debug|Any CPU.Build.0 = Debug|Any CPU
		{C21B2B5B-7439-422C-AE88-D30630426933}.Debug|Any CPU.Deploy.0 = Debug|Any CPU
		{C21B2B5B-7439-422C-AE88-D30630426933}.Debug|ARM.ActiveCfg = Debug|Any CPU
		{C21B2B5B-7439-422C-AE88-D30630426933}.Debug|ARM.Build.0 = Debug|Any CPU
		{C21B2B5B-7439-422C-AE88-D30630426933}.Debug|ARM.Deploy.0 = Debug|Any CPU
		{C21B2B5B-7439-422C-AE88-D30630426933}.Debug|iPhone.ActiveCfg = Debug|Any CPU
		{C21B2B5B-7439-422C-AE88-D30630426933}.Debug|iPhone.Build.0 = Debug|Any CPU
		{C21B2B5B-7439-422C-AE88-D30630426933}.Debug|iPhone.Deploy.0 = Debug|Any CPU
		{C21B2B5B-7439-422C-AE88-D30630426933}.Debug|iPhoneSimulator.ActiveCfg = Debug|Any CPU
		{C21B2B5B-7439-422C-AE88-D30630426933}.Debug|iPhoneSimulator.Build.0 = Debug|Any CPU
		{C21B2B5B-7439-422C-AE88-D30630426933}.Debug|iPhoneSimulator.Deploy.0 = Debug|Any CPU
		{C21B2B5B-7439-422C-AE88-D30630426933}.Debug|x64.ActiveCfg = Debug|Any CPU
		{C21B2B5B-7439-422C-AE88-D30630426933}.Debug|x64.Build.0 = Debug|Any CPU
		{C21B2B5B-7439-422C-AE88-D30630426933}.Debug|x64.Deploy.0 = Debug|Any CPU
		{C21B2B5B-7439-422C-AE88-D30630426933}.Debug|x86.ActiveCfg = Debug|Any CPU
		{C21B2B5B-7439-422C-AE88-D30630426933}.Debug|x86.Build.0 = Debug|Any CPU
		{C21B2B5B-7439-422C-AE88-D30630426933}.Debug|x86.Deploy.0 = Debug|Any CPU
		{C21B2B5B-7439-422C-AE88-D30630426933}.Release|Any CPU.ActiveCfg = Release|Any CPU
		{C21B2B5B-7439-422C-AE88-D30630426933}.Release|Any CPU.Build.0 = Release|Any CPU
		{C21B2B5B-7439-422C-AE88-D30630426933}.Release|Any CPU.Deploy.0 = Release|Any CPU
		{C21B2B5B-7439-422C-AE88-D30630426933}.Release|ARM.ActiveCfg = Release|Any CPU
		{C21B2B5B-7439-422C-AE88-D30630426933}.Release|ARM.Build.0 = Release|Any CPU
		{C21B2B5B-7439-422C-AE88-D30630426933}.Release|ARM.Deploy.0 = Release|Any CPU
		{C21B2B5B-7439-422C-AE88-D30630426933}.Release|iPhone.ActiveCfg = Release|Any CPU
		{C21B2B5B-7439-422C-AE88-D30630426933}.Release|iPhone.Build.0 = Release|Any CPU
		{C21B2B5B-7439-422C-AE88-D30630426933}.Release|iPhone.Deploy.0 = Release|Any CPU
		{C21B2B5B-7439-422C-AE88-D30630426933}.Release|iPhoneSimulator.ActiveCfg = Release|Any CPU
		{C21B2B5B-7439-422C-AE88-D30630426933}.Release|iPhoneSimulator.Build.0 = Release|Any CPU
		{C21B2B5B-7439-422C-AE88-D30630426933}.Release|iPhoneSimulator.Deploy.0 = Release|Any CPU
		{C21B2B5B-7439-422C-AE88-D30630426933}.Release|x64.ActiveCfg = Release|Any CPU
		{C21B2B5B-7439-422C-AE88-D30630426933}.Release|x64.Build.0 = Release|Any CPU
		{C21B2B5B-7439-422C-AE88-D30630426933}.Release|x64.Deploy.0 = Release|Any CPU
		{C21B2B5B-7439-422C-AE88-D30630426933}.Release|x86.ActiveCfg = Release|Any CPU
		{C21B2B5B-7439-422C-AE88-D30630426933}.Release|x86.Build.0 = Release|Any CPU
		{C21B2B5B-7439-422C-AE88-D30630426933}.Release|x86.Deploy.0 = Release|Any CPU
		{C913A816-D238-4F48-BD74-419D82B07904}.Ad-Hoc|Any CPU.ActiveCfg = Ad-Hoc|iPhone
		{C913A816-D238-4F48-BD74-419D82B07904}.Ad-Hoc|ARM.ActiveCfg = Ad-Hoc|iPhone
		{C913A816-D238-4F48-BD74-419D82B07904}.Ad-Hoc|iPhone.ActiveCfg = Ad-Hoc|iPhone
		{C913A816-D238-4F48-BD74-419D82B07904}.Ad-Hoc|iPhone.Build.0 = Ad-Hoc|iPhone
		{C913A816-D238-4F48-BD74-419D82B07904}.Ad-Hoc|iPhoneSimulator.ActiveCfg = Ad-Hoc|iPhoneSimulator
		{C913A816-D238-4F48-BD74-419D82B07904}.Ad-Hoc|iPhoneSimulator.Build.0 = Ad-Hoc|iPhoneSimulator
		{C913A816-D238-4F48-BD74-419D82B07904}.Ad-Hoc|x64.ActiveCfg = Ad-Hoc|iPhone
		{C913A816-D238-4F48-BD74-419D82B07904}.Ad-Hoc|x86.ActiveCfg = Ad-Hoc|iPhone
		{C913A816-D238-4F48-BD74-419D82B07904}.AppStore|Any CPU.ActiveCfg = AppStore|iPhone
		{C913A816-D238-4F48-BD74-419D82B07904}.AppStore|ARM.ActiveCfg = AppStore|iPhone
		{C913A816-D238-4F48-BD74-419D82B07904}.AppStore|iPhone.ActiveCfg = AppStore|iPhone
		{C913A816-D238-4F48-BD74-419D82B07904}.AppStore|iPhone.Build.0 = AppStore|iPhone
		{C913A816-D238-4F48-BD74-419D82B07904}.AppStore|iPhoneSimulator.ActiveCfg = AppStore|iPhoneSimulator
		{C913A816-D238-4F48-BD74-419D82B07904}.AppStore|iPhoneSimulator.Build.0 = AppStore|iPhoneSimulator
		{C913A816-D238-4F48-BD74-419D82B07904}.AppStore|x64.ActiveCfg = AppStore|iPhone
		{C913A816-D238-4F48-BD74-419D82B07904}.AppStore|x86.ActiveCfg = AppStore|iPhone
		{C913A816-D238-4F48-BD74-419D82B07904}.Debug|Any CPU.ActiveCfg = Debug|iPhone
		{C913A816-D238-4F48-BD74-419D82B07904}.Debug|ARM.ActiveCfg = Debug|iPhone
		{C913A816-D238-4F48-BD74-419D82B07904}.Debug|iPhone.ActiveCfg = Debug|iPhone
		{C913A816-D238-4F48-BD74-419D82B07904}.Debug|iPhone.Build.0 = Debug|iPhone
		{C913A816-D238-4F48-BD74-419D82B07904}.Debug|iPhoneSimulator.ActiveCfg = Debug|iPhoneSimulator
		{C913A816-D238-4F48-BD74-419D82B07904}.Debug|iPhoneSimulator.Build.0 = Debug|iPhoneSimulator
		{C913A816-D238-4F48-BD74-419D82B07904}.Debug|x64.ActiveCfg = Debug|iPhone
		{C913A816-D238-4F48-BD74-419D82B07904}.Debug|x86.ActiveCfg = Debug|iPhone
		{C913A816-D238-4F48-BD74-419D82B07904}.Release|Any CPU.ActiveCfg = Release|iPhone
		{C913A816-D238-4F48-BD74-419D82B07904}.Release|ARM.ActiveCfg = Release|iPhone
		{C913A816-D238-4F48-BD74-419D82B07904}.Release|iPhone.ActiveCfg = Release|iPhone
		{C913A816-D238-4F48-BD74-419D82B07904}.Release|iPhone.Build.0 = Release|iPhone
		{C913A816-D238-4F48-BD74-419D82B07904}.Release|iPhoneSimulator.ActiveCfg = Release|iPhoneSimulator
		{C913A816-D238-4F48-BD74-419D82B07904}.Release|iPhoneSimulator.Build.0 = Release|iPhoneSimulator
		{C913A816-D238-4F48-BD74-419D82B07904}.Release|x64.ActiveCfg = Release|iPhone
		{C913A816-D238-4F48-BD74-419D82B07904}.Release|x86.ActiveCfg = Release|iPhone
	EndGlobalSection
	GlobalSection(SolutionProperties) = preSolution
		HideSolutionNode = FALSE
	EndGlobalSection
	GlobalSection(ExtensibilityGlobals) = postSolution
		SolutionGuid = {CBB6EB1B-EF3F-4853-8231-4C750BCBFFFB}
	EndGlobalSection
EndGlobal
